
Microsoft Visual Studio Solution File, Format Version 12.00
# Visual Studio Version 16
VisualStudioVersion = 16.0.29319.158
MinimumVisualStudioVersion = 10.0.40219.1
Project("{FAE04EC0-301F-11D3-BF4B-00C04F79EFBC}") = "CosmosDbFormattingError", "CosmosDbFormattingError\CosmosDbFormattingError.csproj", "{A1F8DC44-16CB-435A-A4FD-012EE3AE176A}"
EndProject
Global
	GlobalSection(SolutionConfigurationPlatforms) = preSolution
		Debug|Any CPU = Debug|Any CPU
		Release|Any CPU = Release|Any CPU
	EndGlobalSection
	GlobalSection(ProjectConfigurationPlatforms) = postSolution
		{A1F8DC44-16CB-435A-A4FD-012EE3AE176A}.Debug|Any CPU.ActiveCfg = Debug|Any CPU
		{A1F8DC44-16CB-435A-A4FD-012EE3AE176A}.Debug|Any CPU.Build.0 = Debug|Any CPU
		{A1F8DC44-16CB-435A-A4FD-012EE3AE176A}.Release|Any CPU.ActiveCfg = Release|Any CPU
		{A1F8DC44-16CB-435A-A4FD-012EE3AE176A}.Release|Any CPU.Build.0 = Release|Any CPU
	EndGlobalSection
	GlobalSection(SolutionProperties) = preSolution
		HideSolutionNode = FALSE
	EndGlobalSection
	GlobalSection(ExtensibilityGlobals) = postSolution
		SolutionGuid = {250047D6-7770-4646-8A6F-FBE916B00972}
	EndGlobalSection
EndGlobal
